
Microsoft Visual Studio Solution File, Format Version 12.00
# Visual Studio Version 18
VisualStudioVersion = 18.2.11408.102 d18.0
MinimumVisualStudioVersion = 10.0.40219.1
Project("{FAE04EC0-301F-11D3-BF4B-00C04F79EFBC}") = "LynxTranscribe", "LynxTranscribe.csproj", "{470227C1-95C2-E61F-CFB3-49331150C9B9}"
EndProject
Global
	GlobalSection(SolutionConfigurationPlatforms) = preSolution
		Debug|Any CPU = Debug|Any CPU
		Release|Any CPU = Release|Any CPU
	EndGlobalSection
	GlobalSection(ProjectConfigurationPlatforms) = postSolution
		{470227C1-95C2-E61F-CFB3-49331150C9B9}.Debug|Any CPU.ActiveCfg = Debug|Any CPU
		{470227C1-95C2-E61F-CFB3-49331150C9B9}.Debug|Any CPU.Build.0 = Debug|Any CPU
		{470227C1-95C2-E61F-CFB3-49331150C9B9}.Release|Any CPU.ActiveCfg = Release|Any CPU
		{470227C1-95C2-E61F-CFB3-49331150C9B9}.Release|Any CPU.Build.0 = Release|Any CPU
	EndGlobalSection
	GlobalSection(SolutionProperties) = preSolution
		HideSolutionNode = FALSE
	EndGlobalSection
	GlobalSection(ExtensibilityGlobals) = postSolution
		SolutionGuid = {CF978642-DDA9-4896-A93E-A8E98ED27F5C}
	EndGlobalSection
EndGlobal
